// !$*UTF8*$!
{
	archiveVersion = 1;
	classes = {
	};
	objectVersion = 46;
	objects = {

/* Begin PBXAggregateTarget section */
		"PolymorphGen::PolymorphGenPackageTests::ProductTarget" /* PolymorphGenPackageTests */ = {
			isa = PBXAggregateTarget;
			buildConfigurationList = OBJ_95 /* Build configuration list for PBXAggregateTarget "PolymorphGenPackageTests" */;
			buildPhases = (
			);
			dependencies = (
				OBJ_98 /* PBXTargetDependency */,
			);
			name = PolymorphGenPackageTests;
			productName = PolymorphGenPackageTests;
		};
/* End PBXAggregateTarget section */

/* Begin PBXBuildFile section */
		A30726111F3B6955001AE94C /* CodeBuilder.swift in Sources */ = {isa = PBXBuildFile; fileRef = A30726101F3B6955001AE94C /* CodeBuilder.swift */; };
		A396F6A81F3B3EC400CD2EB4 /* PlatformGen.swift in Sources */ = {isa = PBXBuildFile; fileRef = A396F6A61F3B3E8E00CD2EB4 /* PlatformGen.swift */; };
		A396F6AA1F3B423600CD2EB4 /* Dir.swift in Sources */ = {isa = PBXBuildFile; fileRef = A396F6A91F3B423600CD2EB4 /* Dir.swift */; };
		OBJ_45 /* PolymorphGenTests.swift in Sources */ = {isa = PBXBuildFile; fileRef = OBJ_14 /* PolymorphGenTests.swift */; };
		OBJ_47 /* PolymorphGen.framework in Frameworks */ = {isa = PBXBuildFile; fileRef = "PolymorphGen::PolymorphGen::Product" /* PolymorphGen.framework */; };
		OBJ_48 /* PolymorphCore.framework in Frameworks */ = {isa = PBXBuildFile; fileRef = "PolymorphCore::PolymorphCore::Product" /* PolymorphCore.framework */; };
		OBJ_49 /* StringCase.framework in Frameworks */ = {isa = PBXBuildFile; fileRef = "StringCase::StringCase::Product" /* StringCase.framework */; };
		OBJ_60 /* File.swift in Sources */ = {isa = PBXBuildFile; fileRef = OBJ_9 /* File.swift */; };
		OBJ_62 /* PolymorphGen.swift in Sources */ = {isa = PBXBuildFile; fileRef = OBJ_11 /* PolymorphGen.swift */; };
		OBJ_64 /* PolymorphCore.framework in Frameworks */ = {isa = PBXBuildFile; fileRef = "PolymorphCore::PolymorphCore::Product" /* PolymorphCore.framework */; };
		OBJ_65 /* StringCase.framework in Frameworks */ = {isa = PBXBuildFile; fileRef = "StringCase::StringCase::Product" /* StringCase.framework */; };
		OBJ_72 /* Class.swift in Sources */ = {isa = PBXBuildFile; fileRef = OBJ_19 /* Class.swift */; };
		OBJ_73 /* Documentable.swift in Sources */ = {isa = PBXBuildFile; fileRef = OBJ_20 /* Documentable.swift */; };
		OBJ_74 /* Enum.swift in Sources */ = {isa = PBXBuildFile; fileRef = OBJ_21 /* Enum.swift */; };
		OBJ_75 /* Member.swift in Sources */ = {isa = PBXBuildFile; fileRef = OBJ_22 /* Member.swift */; };
		OBJ_76 /* Models.swift in Sources */ = {isa = PBXBuildFile; fileRef = OBJ_23 /* Models.swift */; };
		OBJ_77 /* Native.swift in Sources */ = {isa = PBXBuildFile; fileRef = OBJ_24 /* Native.swift */; };
		OBJ_78 /* NativeFactory.swift in Sources */ = {isa = PBXBuildFile; fileRef = OBJ_25 /* NativeFactory.swift */; };
		OBJ_79 /* Object.swift in Sources */ = {isa = PBXBuildFile; fileRef = OBJ_26 /* Object.swift */; };
		OBJ_80 /* Package.swift in Sources */ = {isa = PBXBuildFile; fileRef = OBJ_27 /* Package.swift */; };
		OBJ_81 /* Packageable.swift in Sources */ = {isa = PBXBuildFile; fileRef = OBJ_28 /* Packageable.swift */; };
		OBJ_82 /* PolymorphCoreError.swift in Sources */ = {isa = PBXBuildFile; fileRef = OBJ_29 /* PolymorphCoreError.swift */; };
		OBJ_83 /* Project.swift in Sources */ = {isa = PBXBuildFile; fileRef = OBJ_30 /* Project.swift */; };
		OBJ_84 /* Property.swift in Sources */ = {isa = PBXBuildFile; fileRef = OBJ_31 /* Property.swift */; };
		OBJ_86 /* StringCase.framework in Frameworks */ = {isa = PBXBuildFile; fileRef = "StringCase::StringCase::Product" /* StringCase.framework */; };
		OBJ_92 /* StringCase.swift in Sources */ = {isa = PBXBuildFile; fileRef = OBJ_34 /* StringCase.swift */; };
/* End PBXBuildFile section */

/* Begin PBXContainerItemProxy section */
		A396F69F1F3B15EF00CD2EB4 /* PBXContainerItemProxy */ = {
			isa = PBXContainerItemProxy;
			containerPortal = OBJ_1 /* Project object */;
			proxyType = 1;
			remoteGlobalIDString = "PolymorphCore::PolymorphCore";
			remoteInfo = PolymorphCore;
		};
		A396F6A01F3B15EF00CD2EB4 /* PBXContainerItemProxy */ = {
			isa = PBXContainerItemProxy;
			containerPortal = OBJ_1 /* Project object */;
			proxyType = 1;
			remoteGlobalIDString = "StringCase::StringCase";
			remoteInfo = StringCase;
		};
		A396F6A11F3B15EF00CD2EB4 /* PBXContainerItemProxy */ = {
			isa = PBXContainerItemProxy;
			containerPortal = OBJ_1 /* Project object */;
			proxyType = 1;
			remoteGlobalIDString = "StringCase::StringCase";
			remoteInfo = StringCase;
		};
		A396F6A21F3B15EF00CD2EB4 /* PBXContainerItemProxy */ = {
			isa = PBXContainerItemProxy;
			containerPortal = OBJ_1 /* Project object */;
			proxyType = 1;
			remoteGlobalIDString = "PolymorphGen::PolymorphGen";
			remoteInfo = PolymorphGen;
		};
		A396F6A31F3B15EF00CD2EB4 /* PBXContainerItemProxy */ = {
			isa = PBXContainerItemProxy;
			containerPortal = OBJ_1 /* Project object */;
			proxyType = 1;
			remoteGlobalIDString = "PolymorphCore::PolymorphCore";
			remoteInfo = PolymorphCore;
		};
		A396F6A41F3B15EF00CD2EB4 /* PBXContainerItemProxy */ = {
			isa = PBXContainerItemProxy;
			containerPortal = OBJ_1 /* Project object */;
			proxyType = 1;
			remoteGlobalIDString = "StringCase::StringCase";
			remoteInfo = StringCase;
		};
		A396F6A51F3B15F000CD2EB4 /* PBXContainerItemProxy */ = {
			isa = PBXContainerItemProxy;
			containerPortal = OBJ_1 /* Project object */;
			proxyType = 1;
			remoteGlobalIDString = "PolymorphGen::PolymorphGenTests";
			remoteInfo = PolymorphGenTests;
		};
/* End PBXContainerItemProxy section */

/* Begin PBXFileReference section */
		A30726101F3B6955001AE94C /* CodeBuilder.swift */ = {isa = PBXFileReference; lastKnownFileType = sourcecode.swift; path = CodeBuilder.swift; sourceTree = "<group>"; };
		A396F6A61F3B3E8E00CD2EB4 /* PlatformGen.swift */ = {isa = PBXFileReference; lastKnownFileType = sourcecode.swift; path = PlatformGen.swift; sourceTree = "<group>"; };
		A396F6A91F3B423600CD2EB4 /* Dir.swift */ = {isa = PBXFileReference; lastKnownFileType = sourcecode.swift; path = Dir.swift; sourceTree = "<group>"; };
		OBJ_11 /* PolymorphGen.swift */ = {isa = PBXFileReference; lastKnownFileType = sourcecode.swift; path = PolymorphGen.swift; sourceTree = "<group>"; };
		OBJ_14 /* PolymorphGenTests.swift */ = {isa = PBXFileReference; lastKnownFileType = sourcecode.swift; path = PolymorphGenTests.swift; sourceTree = "<group>"; };
		OBJ_15 /* DerivedData */ = {isa = PBXFileReference; lastKnownFileType = folder; path = DerivedData; sourceTree = SOURCE_ROOT; };
		OBJ_19 /* Class.swift */ = {isa = PBXFileReference; lastKnownFileType = sourcecode.swift; path = Class.swift; sourceTree = "<group>"; };
		OBJ_20 /* Documentable.swift */ = {isa = PBXFileReference; lastKnownFileType = sourcecode.swift; path = Documentable.swift; sourceTree = "<group>"; };
		OBJ_21 /* Enum.swift */ = {isa = PBXFileReference; lastKnownFileType = sourcecode.swift; path = Enum.swift; sourceTree = "<group>"; };
		OBJ_22 /* Member.swift */ = {isa = PBXFileReference; lastKnownFileType = sourcecode.swift; path = Member.swift; sourceTree = "<group>"; };
		OBJ_23 /* Models.swift */ = {isa = PBXFileReference; lastKnownFileType = sourcecode.swift; path = Models.swift; sourceTree = "<group>"; };
		OBJ_24 /* Native.swift */ = {isa = PBXFileReference; lastKnownFileType = sourcecode.swift; path = Native.swift; sourceTree = "<group>"; };
		OBJ_25 /* NativeFactory.swift */ = {isa = PBXFileReference; lastKnownFileType = sourcecode.swift; path = NativeFactory.swift; sourceTree = "<group>"; };
		OBJ_26 /* Object.swift */ = {isa = PBXFileReference; lastKnownFileType = sourcecode.swift; path = Object.swift; sourceTree = "<group>"; };
		OBJ_27 /* Package.swift */ = {isa = PBXFileReference; lastKnownFileType = sourcecode.swift; path = Package.swift; sourceTree = "<group>"; };
		OBJ_28 /* Packageable.swift */ = {isa = PBXFileReference; lastKnownFileType = sourcecode.swift; path = Packageable.swift; sourceTree = "<group>"; };
		OBJ_29 /* PolymorphCoreError.swift */ = {isa = PBXFileReference; lastKnownFileType = sourcecode.swift; path = PolymorphCoreError.swift; sourceTree = "<group>"; };
		OBJ_30 /* Project.swift */ = {isa = PBXFileReference; lastKnownFileType = sourcecode.swift; path = Project.swift; sourceTree = "<group>"; };
		OBJ_31 /* Property.swift */ = {isa = PBXFileReference; lastKnownFileType = sourcecode.swift; path = Property.swift; sourceTree = "<group>"; };
		OBJ_34 /* StringCase.swift */ = {isa = PBXFileReference; lastKnownFileType = sourcecode.swift; path = StringCase.swift; sourceTree = "<group>"; };
		OBJ_6 /* Package.swift */ = {isa = PBXFileReference; explicitFileType = sourcecode.swift; path = Package.swift; sourceTree = "<group>"; };
		OBJ_9 /* File.swift */ = {isa = PBXFileReference; lastKnownFileType = sourcecode.swift; path = File.swift; sourceTree = "<group>"; };
		"PolymorphCore::PolymorphCore::Product" /* PolymorphCore.framework */ = {isa = PBXFileReference; explicitFileType = wrapper.framework; path = PolymorphCore.framework; sourceTree = BUILT_PRODUCTS_DIR; };
		"PolymorphGen::PolymorphGen::Product" /* PolymorphGen.framework */ = {isa = PBXFileReference; explicitFileType = wrapper.framework; path = PolymorphGen.framework; sourceTree = BUILT_PRODUCTS_DIR; };
		"PolymorphGen::PolymorphGenTests::Product" /* PolymorphGenTests.xctest */ = {isa = PBXFileReference; explicitFileType = wrapper.cfbundle; path = PolymorphGenTests.xctest; sourceTree = BUILT_PRODUCTS_DIR; };
		"StringCase::StringCase::Product" /* StringCase.framework */ = {isa = PBXFileReference; explicitFileType = wrapper.framework; path = StringCase.framework; sourceTree = BUILT_PRODUCTS_DIR; };
/* End PBXFileReference section */

/* Begin PBXFrameworksBuildPhase section */
		OBJ_46 /* Frameworks */ = {
			isa = PBXFrameworksBuildPhase;
			buildActionMask = 0;
			files = (
				OBJ_47 /* PolymorphGen.framework in Frameworks */,
				OBJ_48 /* PolymorphCore.framework in Frameworks */,
				OBJ_49 /* StringCase.framework in Frameworks */,
			);
			runOnlyForDeploymentPostprocessing = 0;
		};
		OBJ_63 /* Frameworks */ = {
			isa = PBXFrameworksBuildPhase;
			buildActionMask = 0;
			files = (
				OBJ_64 /* PolymorphCore.framework in Frameworks */,
				OBJ_65 /* StringCase.framework in Frameworks */,
			);
			runOnlyForDeploymentPostprocessing = 0;
		};
		OBJ_85 /* Frameworks */ = {
			isa = PBXFrameworksBuildPhase;
			buildActionMask = 0;
			files = (
				OBJ_86 /* StringCase.framework in Frameworks */,
			);
			runOnlyForDeploymentPostprocessing = 0;
		};
		OBJ_93 /* Frameworks */ = {
			isa = PBXFrameworksBuildPhase;
			buildActionMask = 0;
			files = (
			);
			runOnlyForDeploymentPostprocessing = 0;
		};
/* End PBXFrameworksBuildPhase section */

/* Begin PBXGroup section */
		OBJ_12 /* Tests */ = {
			isa = PBXGroup;
			children = (
				OBJ_13 /* PolymorphGenTests */,
			);
			name = Tests;
			sourceTree = SOURCE_ROOT;
		};
		OBJ_13 /* PolymorphGenTests */ = {
			isa = PBXGroup;
			children = (
				OBJ_14 /* PolymorphGenTests.swift */,
			);
			name = PolymorphGenTests;
			path = Tests/PolymorphGenTests;
			sourceTree = SOURCE_ROOT;
		};
		OBJ_16 /* Dependencies */ = {
			isa = PBXGroup;
			children = (
				OBJ_17 /* PolymorphCore */,
				OBJ_32 /* StringCase */,
			);
			name = Dependencies;
			sourceTree = "<group>";
		};
		OBJ_17 /* PolymorphCore */ = {
			isa = PBXGroup;
			children = (
				OBJ_18 /* PolymorphCore */,
			);
			name = PolymorphCore;
			sourceTree = SOURCE_ROOT;
		};
		OBJ_18 /* PolymorphCore */ = {
			isa = PBXGroup;
			children = (
				OBJ_19 /* Class.swift */,
				OBJ_20 /* Documentable.swift */,
				OBJ_21 /* Enum.swift */,
				OBJ_22 /* Member.swift */,
				OBJ_23 /* Models.swift */,
				OBJ_24 /* Native.swift */,
				OBJ_25 /* NativeFactory.swift */,
				OBJ_26 /* Object.swift */,
				OBJ_27 /* Package.swift */,
				OBJ_28 /* Packageable.swift */,
				OBJ_29 /* PolymorphCoreError.swift */,
				OBJ_30 /* Project.swift */,
				OBJ_31 /* Property.swift */,
			);
			name = PolymorphCore;
			path = ".build/checkouts/polymorph-core-swift.git--9185945078424963471/Sources/PolymorphCore";
			sourceTree = SOURCE_ROOT;
		};
		OBJ_32 /* StringCase */ = {
			isa = PBXGroup;
			children = (
				OBJ_33 /* StringCase */,
			);
			name = StringCase;
			sourceTree = SOURCE_ROOT;
		};
		OBJ_33 /* StringCase */ = {
			isa = PBXGroup;
			children = (
				OBJ_34 /* StringCase.swift */,
			);
			name = StringCase;
			path = ".build/checkouts/string-case-swift.git--1212291596022844212/Sources/StringCase";
			sourceTree = SOURCE_ROOT;
		};
		OBJ_35 /* Products */ = {
			isa = PBXGroup;
			children = (
				"PolymorphGen::PolymorphGenTests::Product" /* PolymorphGenTests.xctest */,
				"PolymorphGen::PolymorphGen::Product" /* PolymorphGen.framework */,
				"PolymorphCore::PolymorphCore::Product" /* PolymorphCore.framework */,
				"StringCase::StringCase::Product" /* StringCase.framework */,
			);
			name = Products;
			sourceTree = BUILT_PRODUCTS_DIR;
		};
		OBJ_5 = {
			isa = PBXGroup;
			children = (
				OBJ_6 /* Package.swift */,
				OBJ_7 /* Sources */,
				OBJ_12 /* Tests */,
				OBJ_15 /* DerivedData */,
				OBJ_16 /* Dependencies */,
				OBJ_35 /* Products */,
			);
			sourceTree = "<group>";
		};
		OBJ_7 /* Sources */ = {
			isa = PBXGroup;
			children = (
				OBJ_8 /* PolymorphGen */,
			);
			name = Sources;
			sourceTree = SOURCE_ROOT;
		};
		OBJ_8 /* PolymorphGen */ = {
			isa = PBXGroup;
			children = (
				OBJ_9 /* File.swift */,
				A396F6A91F3B423600CD2EB4 /* Dir.swift */,
				OBJ_11 /* PolymorphGen.swift */,
				A396F6A61F3B3E8E00CD2EB4 /* PlatformGen.swift */,
				A30726101F3B6955001AE94C /* CodeBuilder.swift */,
			);
			name = PolymorphGen;
			path = Sources/PolymorphGen;
			sourceTree = SOURCE_ROOT;
		};
/* End PBXGroup section */

/* Begin PBXNativeTarget section */
		"PolymorphCore::PolymorphCore" /* PolymorphCore */ = {
			isa = PBXNativeTarget;
			buildConfigurationList = OBJ_68 /* Build configuration list for PBXNativeTarget "PolymorphCore" */;
			buildPhases = (
				OBJ_71 /* Sources */,
				OBJ_85 /* Frameworks */,
			);
			buildRules = (
			);
			dependencies = (
				OBJ_87 /* PBXTargetDependency */,
			);
			name = PolymorphCore;
			productName = PolymorphCore;
			productReference = "PolymorphCore::PolymorphCore::Product" /* PolymorphCore.framework */;
			productType = "com.apple.product-type.framework";
		};
		"PolymorphGen::PolymorphGen" /* PolymorphGen */ = {
			isa = PBXNativeTarget;
			buildConfigurationList = OBJ_56 /* Build configuration list for PBXNativeTarget "PolymorphGen" */;
			buildPhases = (
				OBJ_59 /* Sources */,
				OBJ_63 /* Frameworks */,
			);
			buildRules = (
			);
			dependencies = (
				OBJ_66 /* PBXTargetDependency */,
				OBJ_67 /* PBXTargetDependency */,
			);
			name = PolymorphGen;
			productName = PolymorphGen;
			productReference = "PolymorphGen::PolymorphGen::Product" /* PolymorphGen.framework */;
			productType = "com.apple.product-type.framework";
		};
		"PolymorphGen::PolymorphGenTests" /* PolymorphGenTests */ = {
			isa = PBXNativeTarget;
			buildConfigurationList = OBJ_41 /* Build configuration list for PBXNativeTarget "PolymorphGenTests" */;
			buildPhases = (
				OBJ_44 /* Sources */,
				OBJ_46 /* Frameworks */,
			);
			buildRules = (
			);
			dependencies = (
				OBJ_50 /* PBXTargetDependency */,
				OBJ_52 /* PBXTargetDependency */,
				OBJ_54 /* PBXTargetDependency */,
			);
			name = PolymorphGenTests;
			productName = PolymorphGenTests;
			productReference = "PolymorphGen::PolymorphGenTests::Product" /* PolymorphGenTests.xctest */;
			productType = "com.apple.product-type.bundle.unit-test";
		};
		"StringCase::StringCase" /* StringCase */ = {
			isa = PBXNativeTarget;
			buildConfigurationList = OBJ_88 /* Build configuration list for PBXNativeTarget "StringCase" */;
			buildPhases = (
				OBJ_91 /* Sources */,
				OBJ_93 /* Frameworks */,
			);
			buildRules = (
			);
			dependencies = (
			);
			name = StringCase;
			productName = StringCase;
			productReference = "StringCase::StringCase::Product" /* StringCase.framework */;
			productType = "com.apple.product-type.framework";
		};
/* End PBXNativeTarget section */

/* Begin PBXProject section */
		OBJ_1 /* Project object */ = {
			isa = PBXProject;
			attributes = {
				LastUpgradeCheck = 0900;
			};
			buildConfigurationList = OBJ_2 /* Build configuration list for PBXProject "PolymorphGen" */;
			compatibilityVersion = "Xcode 3.2";
			developmentRegion = English;
			hasScannedForEncodings = 0;
			knownRegions = (
				en,
			);
			mainGroup = OBJ_5;
			productRefGroup = OBJ_35 /* Products */;
			projectDirPath = "";
			projectRoot = "";
			targets = (
				"PolymorphGen::PolymorphGenTests" /* PolymorphGenTests */,
				"PolymorphGen::PolymorphGen" /* PolymorphGen */,
				"PolymorphCore::PolymorphCore" /* PolymorphCore */,
				"StringCase::StringCase" /* StringCase */,
				"PolymorphGen::PolymorphGenPackageTests::ProductTarget" /* PolymorphGenPackageTests */,
			);
		};
/* End PBXProject section */

/* Begin PBXSourcesBuildPhase section */
		OBJ_44 /* Sources */ = {
			isa = PBXSourcesBuildPhase;
			buildActionMask = 0;
			files = (
				OBJ_45 /* PolymorphGenTests.swift in Sources */,
			);
			runOnlyForDeploymentPostprocessing = 0;
		};
		OBJ_59 /* Sources */ = {
			isa = PBXSourcesBuildPhase;
			buildActionMask = 0;
			files = (
				A396F6A81F3B3EC400CD2EB4 /* PlatformGen.swift in Sources */,
				OBJ_60 /* File.swift in Sources */,
				A396F6AA1F3B423600CD2EB4 /* Dir.swift in Sources */,
				OBJ_62 /* PolymorphGen.swift in Sources */,
				A30726111F3B6955001AE94C /* CodeBuilder.swift in Sources */,
			);
			runOnlyForDeploymentPostprocessing = 0;
		};
		OBJ_71 /* Sources */ = {
			isa = PBXSourcesBuildPhase;
			buildActionMask = 0;
			files = (
				OBJ_72 /* Class.swift in Sources */,
				OBJ_73 /* Documentable.swift in Sources */,
				OBJ_74 /* Enum.swift in Sources */,
				OBJ_75 /* Member.swift in Sources */,
				OBJ_76 /* Models.swift in Sources */,
				OBJ_77 /* Native.swift in Sources */,
				OBJ_78 /* NativeFactory.swift in Sources */,
				OBJ_79 /* Object.swift in Sources */,
				OBJ_80 /* Package.swift in Sources */,
				OBJ_81 /* Packageable.swift in Sources */,
				OBJ_82 /* PolymorphCoreError.swift in Sources */,
				OBJ_83 /* Project.swift in Sources */,
				OBJ_84 /* Property.swift in Sources */,
			);
			runOnlyForDeploymentPostprocessing = 0;
		};
		OBJ_91 /* Sources */ = {
			isa = PBXSourcesBuildPhase;
			buildActionMask = 0;
			files = (
				OBJ_92 /* StringCase.swift in Sources */,
			);
			runOnlyForDeploymentPostprocessing = 0;
		};
/* End PBXSourcesBuildPhase section */

/* Begin PBXTargetDependency section */
		OBJ_50 /* PBXTargetDependency */ = {
			isa = PBXTargetDependency;
			target = "PolymorphGen::PolymorphGen" /* PolymorphGen */;
			targetProxy = A396F6A21F3B15EF00CD2EB4 /* PBXContainerItemProxy */;
		};
		OBJ_52 /* PBXTargetDependency */ = {
			isa = PBXTargetDependency;
			target = "PolymorphCore::PolymorphCore" /* PolymorphCore */;
			targetProxy = A396F6A31F3B15EF00CD2EB4 /* PBXContainerItemProxy */;
		};
		OBJ_54 /* PBXTargetDependency */ = {
			isa = PBXTargetDependency;
			target = "StringCase::StringCase" /* StringCase */;
			targetProxy = A396F6A41F3B15EF00CD2EB4 /* PBXContainerItemProxy */;
		};
		OBJ_66 /* PBXTargetDependency */ = {
			isa = PBXTargetDependency;
			target = "PolymorphCore::PolymorphCore" /* PolymorphCore */;
			targetProxy = A396F69F1F3B15EF00CD2EB4 /* PBXContainerItemProxy */;
		};
		OBJ_67 /* PBXTargetDependency */ = {
			isa = PBXTargetDependency;
			target = "StringCase::StringCase" /* StringCase */;
			targetProxy = A396F6A11F3B15EF00CD2EB4 /* PBXContainerItemProxy */;
		};
		OBJ_87 /* PBXTargetDependency */ = {
			isa = PBXTargetDependency;
			target = "StringCase::StringCase" /* StringCase */;
			targetProxy = A396F6A01F3B15EF00CD2EB4 /* PBXContainerItemProxy */;
		};
		OBJ_98 /* PBXTargetDependency */ = {
			isa = PBXTargetDependency;
			target = "PolymorphGen::PolymorphGenTests" /* PolymorphGenTests */;
			targetProxy = A396F6A51F3B15F000CD2EB4 /* PBXContainerItemProxy */;
		};
/* End PBXTargetDependency section */

/* Begin XCBuildConfiguration section */
		OBJ_3 /* Debug */ = {
			isa = XCBuildConfiguration;
			buildSettings = {
				CLANG_ENABLE_OBJC_ARC = YES;
				CLANG_WARN_BLOCK_CAPTURE_AUTORELEASING = YES;
				CLANG_WARN_BOOL_CONVERSION = YES;
				CLANG_WARN_COMMA = YES;
				CLANG_WARN_CONSTANT_CONVERSION = YES;
				CLANG_WARN_EMPTY_BODY = YES;
				CLANG_WARN_ENUM_CONVERSION = YES;
				CLANG_WARN_INFINITE_RECURSION = YES;
				CLANG_WARN_INT_CONVERSION = YES;
				CLANG_WARN_NON_LITERAL_NULL_CONVERSION = YES;
				CLANG_WARN_OBJC_LITERAL_CONVERSION = YES;
				CLANG_WARN_RANGE_LOOP_ANALYSIS = YES;
				CLANG_WARN_STRICT_PROTOTYPES = YES;
				CLANG_WARN_SUSPICIOUS_MOVE = YES;
				CLANG_WARN_UNREACHABLE_CODE = YES;
				CLANG_WARN__DUPLICATE_METHOD_MATCH = YES;
				COMBINE_HIDPI_IMAGES = YES;
				COPY_PHASE_STRIP = NO;
				DEBUG_INFORMATION_FORMAT = dwarf;
				DYLIB_INSTALL_NAME_BASE = "@rpath";
				ENABLE_NS_ASSERTIONS = YES;
				ENABLE_STRICT_OBJC_MSGSEND = YES;
				ENABLE_TESTABILITY = YES;
				GCC_NO_COMMON_BLOCKS = YES;
				GCC_OPTIMIZATION_LEVEL = 0;
				GCC_WARN_64_TO_32_BIT_CONVERSION = YES;
				GCC_WARN_ABOUT_RETURN_TYPE = YES;
				GCC_WARN_UNDECLARED_SELECTOR = YES;
				GCC_WARN_UNINITIALIZED_AUTOS = YES;
				GCC_WARN_UNUSED_FUNCTION = YES;
				GCC_WARN_UNUSED_VARIABLE = YES;
				MACOSX_DEPLOYMENT_TARGET = 10.10;
				ONLY_ACTIVE_ARCH = YES;
				OTHER_SWIFT_FLAGS = "-DXcode";
				PRODUCT_NAME = "$(TARGET_NAME)";
				SDKROOT = macosx;
				SUPPORTED_PLATFORMS = "macosx iphoneos iphonesimulator appletvos appletvsimulator watchos watchsimulator";
				SWIFT_ACTIVE_COMPILATION_CONDITIONS = SWIFT_PACKAGE;
				SWIFT_OPTIMIZATION_LEVEL = "-Onone";
				USE_HEADERMAP = NO;
			};
			name = Debug;
		};
		OBJ_4 /* Release */ = {
			isa = XCBuildConfiguration;
			buildSettings = {
				CLANG_ENABLE_OBJC_ARC = YES;
				CLANG_WARN_BLOCK_CAPTURE_AUTORELEASING = YES;
				CLANG_WARN_BOOL_CONVERSION = YES;
				CLANG_WARN_COMMA = YES;
				CLANG_WARN_CONSTANT_CONVERSION = YES;
				CLANG_WARN_EMPTY_BODY = YES;
				CLANG_WARN_ENUM_CONVERSION = YES;
				CLANG_WARN_INFINITE_RECURSION = YES;
				CLANG_WARN_INT_CONVERSION = YES;
				CLANG_WARN_NON_LITERAL_NULL_CONVERSION = YES;
				CLANG_WARN_OBJC_LITERAL_CONVERSION = YES;
				CLANG_WARN_RANGE_LOOP_ANALYSIS = YES;
				CLANG_WARN_STRICT_PROTOTYPES = YES;
				CLANG_WARN_SUSPICIOUS_MOVE = YES;
				CLANG_WARN_UNREACHABLE_CODE = YES;
				CLANG_WARN__DUPLICATE_METHOD_MATCH = YES;
				COMBINE_HIDPI_IMAGES = YES;
				COPY_PHASE_STRIP = YES;
				DEBUG_INFORMATION_FORMAT = "dwarf-with-dsym";
				DYLIB_INSTALL_NAME_BASE = "@rpath";
				ENABLE_STRICT_OBJC_MSGSEND = YES;
				GCC_NO_COMMON_BLOCKS = YES;
				GCC_OPTIMIZATION_LEVEL = s;
				GCC_WARN_64_TO_32_BIT_CONVERSION = YES;
				GCC_WARN_ABOUT_RETURN_TYPE = YES;
				GCC_WARN_UNDECLARED_SELECTOR = YES;
				GCC_WARN_UNINITIALIZED_AUTOS = YES;
				GCC_WARN_UNUSED_FUNCTION = YES;
				GCC_WARN_UNUSED_VARIABLE = YES;
				MACOSX_DEPLOYMENT_TARGET = 10.10;
				OTHER_SWIFT_FLAGS = "-DXcode";
				PRODUCT_NAME = "$(TARGET_NAME)";
				SDKROOT = macosx;
				SUPPORTED_PLATFORMS = "macosx iphoneos iphonesimulator appletvos appletvsimulator watchos watchsimulator";
				SWIFT_ACTIVE_COMPILATION_CONDITIONS = SWIFT_PACKAGE;
				SWIFT_OPTIMIZATION_LEVEL = "-Owholemodule";
				USE_HEADERMAP = NO;
			};
			name = Release;
		};
		OBJ_42 /* Debug */ = {
			isa = XCBuildConfiguration;
			buildSettings = {
				ALWAYS_EMBED_SWIFT_STANDARD_LIBRARIES = YES;
				FRAMEWORK_SEARCH_PATHS = (
					"$(inherited)",
					"$(PLATFORM_DIR)/Developer/Library/Frameworks",
				);
				HEADER_SEARCH_PATHS = "$(inherited)";
				INFOPLIST_FILE = PolymorphGen.xcodeproj/PolymorphGenTests_Info.plist;
				LD_RUNPATH_SEARCH_PATHS = "@loader_path/../Frameworks @loader_path/Frameworks";
				OTHER_LDFLAGS = "$(inherited)";
				OTHER_SWIFT_FLAGS = "$(inherited)";
				SWIFT_VERSION = 4.0;
				TARGET_NAME = PolymorphGenTests;
			};
			name = Debug;
		};
		OBJ_43 /* Release */ = {
			isa = XCBuildConfiguration;
			buildSettings = {
				ALWAYS_EMBED_SWIFT_STANDARD_LIBRARIES = YES;
				FRAMEWORK_SEARCH_PATHS = (
					"$(inherited)",
					"$(PLATFORM_DIR)/Developer/Library/Frameworks",
				);
				HEADER_SEARCH_PATHS = "$(inherited)";
				INFOPLIST_FILE = PolymorphGen.xcodeproj/PolymorphGenTests_Info.plist;
				LD_RUNPATH_SEARCH_PATHS = "@loader_path/../Frameworks @loader_path/Frameworks";
				OTHER_LDFLAGS = "$(inherited)";
				OTHER_SWIFT_FLAGS = "$(inherited)";
				SWIFT_VERSION = 4.0;
				TARGET_NAME = PolymorphGenTests;
			};
			name = Release;
		};
		OBJ_57 /* Debug */ = {
			isa = XCBuildConfiguration;
			buildSettings = {
				ENABLE_TESTABILITY = YES;
				FRAMEWORK_SEARCH_PATHS = (
					"$(inherited)",
					"$(PLATFORM_DIR)/Developer/Library/Frameworks",
				);
				HEADER_SEARCH_PATHS = "$(inherited)";
				INFOPLIST_FILE = PolymorphGen.xcodeproj/PolymorphGen_Info.plist;
				LD_RUNPATH_SEARCH_PATHS = "$(TOOLCHAIN_DIR)/usr/lib/swift/macosx";
				OTHER_LDFLAGS = "$(inherited)";
				OTHER_SWIFT_FLAGS = "$(inherited)";
				PRODUCT_BUNDLE_IDENTIFIER = PolymorphGen;
				PRODUCT_MODULE_NAME = "$(TARGET_NAME:c99extidentifier)";
				PRODUCT_NAME = "$(TARGET_NAME:c99extidentifier)";
				SKIP_INSTALL = YES;
				SWIFT_VERSION = 4.0;
				TARGET_NAME = PolymorphGen;
			};
			name = Debug;
		};
		OBJ_58 /* Release */ = {
			isa = XCBuildConfiguration;
			buildSettings = {
				ENABLE_TESTABILITY = YES;
				FRAMEWORK_SEARCH_PATHS = (
					"$(inherited)",
					"$(PLATFORM_DIR)/Developer/Library/Frameworks",
				);
				HEADER_SEARCH_PATHS = "$(inherited)";
				INFOPLIST_FILE = PolymorphGen.xcodeproj/PolymorphGen_Info.plist;
				LD_RUNPATH_SEARCH_PATHS = "$(TOOLCHAIN_DIR)/usr/lib/swift/macosx";
				OTHER_LDFLAGS = "$(inherited)";
				OTHER_SWIFT_FLAGS = "$(inherited)";
				PRODUCT_BUNDLE_IDENTIFIER = PolymorphGen;
				PRODUCT_MODULE_NAME = "$(TARGET_NAME:c99extidentifier)";
				PRODUCT_NAME = "$(TARGET_NAME:c99extidentifier)";
				SKIP_INSTALL = YES;
				SWIFT_VERSION = 4.0;
				TARGET_NAME = PolymorphGen;
			};
			name = Release;
		};
		OBJ_69 /* Debug */ = {
			isa = XCBuildConfiguration;
			buildSettings = {
				ENABLE_TESTABILITY = YES;
				FRAMEWORK_SEARCH_PATHS = (
					"$(inherited)",
					"$(PLATFORM_DIR)/Developer/Library/Frameworks",
				);
				HEADER_SEARCH_PATHS = "$(inherited)";
				INFOPLIST_FILE = PolymorphGen.xcodeproj/PolymorphCore_Info.plist;
				LD_RUNPATH_SEARCH_PATHS = "$(TOOLCHAIN_DIR)/usr/lib/swift/macosx";
				OTHER_LDFLAGS = "$(inherited)";
				OTHER_SWIFT_FLAGS = "$(inherited)";
				PRODUCT_BUNDLE_IDENTIFIER = PolymorphCore;
				PRODUCT_MODULE_NAME = "$(TARGET_NAME:c99extidentifier)";
				PRODUCT_NAME = "$(TARGET_NAME:c99extidentifier)";
				SKIP_INSTALL = YES;
				SWIFT_VERSION = 4.0;
				TARGET_NAME = PolymorphCore;
			};
			name = Debug;
		};
		OBJ_70 /* Release */ = {
			isa = XCBuildConfiguration;
			buildSettings = {
				ENABLE_TESTABILITY = YES;
				FRAMEWORK_SEARCH_PATHS = (
					"$(inherited)",
					"$(PLATFORM_DIR)/Developer/Library/Frameworks",
				);
				HEADER_SEARCH_PATHS = "$(inherited)";
				INFOPLIST_FILE = PolymorphGen.xcodeproj/PolymorphCore_Info.plist;
				LD_RUNPATH_SEARCH_PATHS = "$(TOOLCHAIN_DIR)/usr/lib/swift/macosx";
				OTHER_LDFLAGS = "$(inherited)";
				OTHER_SWIFT_FLAGS = "$(inherited)";
				PRODUCT_BUNDLE_IDENTIFIER = PolymorphCore;
				PRODUCT_MODULE_NAME = "$(TARGET_NAME:c99extidentifier)";
				PRODUCT_NAME = "$(TARGET_NAME:c99extidentifier)";
				SKIP_INSTALL = YES;
				SWIFT_VERSION = 4.0;
				TARGET_NAME = PolymorphCore;
			};
			name = Release;
		};
		OBJ_89 /* Debug */ = {
			isa = XCBuildConfiguration;
			buildSettings = {
				ENABLE_TESTABILITY = YES;
				FRAMEWORK_SEARCH_PATHS = (
					"$(inherited)",
					"$(PLATFORM_DIR)/Developer/Library/Frameworks",
				);
				HEADER_SEARCH_PATHS = "$(inherited)";
				INFOPLIST_FILE = PolymorphGen.xcodeproj/StringCase_Info.plist;
				LD_RUNPATH_SEARCH_PATHS = "$(TOOLCHAIN_DIR)/usr/lib/swift/macosx";
				OTHER_LDFLAGS = "$(inherited)";
				OTHER_SWIFT_FLAGS = "$(inherited)";
				PRODUCT_BUNDLE_IDENTIFIER = StringCase;
				PRODUCT_MODULE_NAME = "$(TARGET_NAME:c99extidentifier)";
				PRODUCT_NAME = "$(TARGET_NAME:c99extidentifier)";
				SKIP_INSTALL = YES;
				SWIFT_VERSION = 4.0;
				TARGET_NAME = StringCase;
			};
			name = Debug;
		};
		OBJ_90 /* Release */ = {
			isa = XCBuildConfiguration;
			buildSettings = {
				ENABLE_TESTABILITY = YES;
				FRAMEWORK_SEARCH_PATHS = (
					"$(inherited)",
					"$(PLATFORM_DIR)/Developer/Library/Frameworks",
				);
				HEADER_SEARCH_PATHS = "$(inherited)";
				INFOPLIST_FILE = PolymorphGen.xcodeproj/StringCase_Info.plist;
				LD_RUNPATH_SEARCH_PATHS = "$(TOOLCHAIN_DIR)/usr/lib/swift/macosx";
				OTHER_LDFLAGS = "$(inherited)";
				OTHER_SWIFT_FLAGS = "$(inherited)";
				PRODUCT_BUNDLE_IDENTIFIER = StringCase;
				PRODUCT_MODULE_NAME = "$(TARGET_NAME:c99extidentifier)";
				PRODUCT_NAME = "$(TARGET_NAME:c99extidentifier)";
				SKIP_INSTALL = YES;
				SWIFT_VERSION = 4.0;
				TARGET_NAME = StringCase;
			};
			name = Release;
		};
		OBJ_96 /* Debug */ = {
			isa = XCBuildConfiguration;
			buildSettings = {
			};
			name = Debug;
		};
		OBJ_97 /* Release */ = {
			isa = XCBuildConfiguration;
			buildSettings = {
			};
			name = Release;
		};
/* End XCBuildConfiguration section */

/* Begin XCConfigurationList section */
		OBJ_2 /* Build configuration list for PBXProject "PolymorphGen" */ = {
			isa = XCConfigurationList;
			buildConfigurations = (
				OBJ_3 /* Debug */,
				OBJ_4 /* Release */,
			);
			defaultConfigurationIsVisible = 0;
			defaultConfigurationName = Debug;
		};
		OBJ_41 /* Build configuration list for PBXNativeTarget "PolymorphGenTests" */ = {
			isa = XCConfigurationList;
			buildConfigurations = (
				OBJ_42 /* Debug */,
				OBJ_43 /* Release */,
			);
			defaultConfigurationIsVisible = 0;
			defaultConfigurationName = Debug;
		};
		OBJ_56 /* Build configuration list for PBXNativeTarget "PolymorphGen" */ = {
			isa = XCConfigurationList;
			buildConfigurations = (
				OBJ_57 /* Debug */,
				OBJ_58 /* Release */,
			);
			defaultConfigurationIsVisible = 0;
			defaultConfigurationName = Debug;
		};
		OBJ_68 /* Build configuration list for PBXNativeTarget "PolymorphCore" */ = {
			isa = XCConfigurationList;
			buildConfigurations = (
				OBJ_69 /* Debug */,
				OBJ_70 /* Release */,
			);
			defaultConfigurationIsVisible = 0;
			defaultConfigurationName = Debug;
		};
		OBJ_88 /* Build configuration list for PBXNativeTarget "StringCase" */ = {
			isa = XCConfigurationList;
			buildConfigurations = (
				OBJ_89 /* Debug */,
				OBJ_90 /* Release */,
			);
			defaultConfigurationIsVisible = 0;
			defaultConfigurationName = Debug;
		};
		OBJ_95 /* Build configuration list for PBXAggregateTarget "PolymorphGenPackageTests" */ = {
			isa = XCConfigurationList;
			buildConfigurations = (
				OBJ_96 /* Debug */,
				OBJ_97 /* Release */,
			);
			defaultConfigurationIsVisible = 0;
			defaultConfigurationName = Debug;
		};
/* End XCConfigurationList section */
	};
	rootObject = OBJ_1 /* Project object */;
}
