// !$*UTF8*$!
{
	archiveVersion = 1;
	classes = {
	};
	objectVersion = 46;
	objects = {

/* Begin PBXAggregateTarget section */
		"PolymorphGen::PolymorphGenPackageTests::ProductTarget" /* PolymorphGenPackageTests */ = {
			isa = PBXAggregateTarget;
			buildConfigurationList = OBJ_114 /* Build configuration list for PBXAggregateTarget "PolymorphGenPackageTests" */;
			buildPhases = (
			);
			dependencies = (
				OBJ_117 /* PBXTargetDependency */,
			);
			name = PolymorphGenPackageTests;
			productName = PolymorphGenPackageTests;
		};
/* End PBXAggregateTarget section */

/* Begin PBXBuildFile section */
		OBJ_100 /* PlatformGen.swift in Sources */ = {isa = PBXBuildFile; fileRef = OBJ_15 /* PlatformGen.swift */; };
		OBJ_101 /* PolymorphGen.swift in Sources */ = {isa = PBXBuildFile; fileRef = OBJ_16 /* PolymorphGen.swift */; };
		OBJ_103 /* PolymorphCore.framework in Frameworks */ = {isa = PBXBuildFile; fileRef = "PolymorphCore::PolymorphCore::Product" /* PolymorphCore.framework */; };
		OBJ_104 /* StringCase.framework in Frameworks */ = {isa = PBXBuildFile; fileRef = "StringCase::StringCase::Product" /* StringCase.framework */; };
		OBJ_112 /* Package.swift in Sources */ = {isa = PBXBuildFile; fileRef = OBJ_6 /* Package.swift */; };
		OBJ_123 /* PolymorphGenTests.swift in Sources */ = {isa = PBXBuildFile; fileRef = OBJ_19 /* PolymorphGenTests.swift */; };
		OBJ_124 /* XCTestManifests.swift in Sources */ = {isa = PBXBuildFile; fileRef = OBJ_20 /* XCTestManifests.swift */; };
		OBJ_126 /* PolymorphGen.framework in Frameworks */ = {isa = PBXBuildFile; fileRef = "PolymorphGen::PolymorphGen::Product" /* PolymorphGen.framework */; };
		OBJ_127 /* PolymorphCore.framework in Frameworks */ = {isa = PBXBuildFile; fileRef = "PolymorphCore::PolymorphCore::Product" /* PolymorphCore.framework */; };
		OBJ_128 /* StringCase.framework in Frameworks */ = {isa = PBXBuildFile; fileRef = "StringCase::StringCase::Product" /* StringCase.framework */; };
		OBJ_136 /* StringCase.swift in Sources */ = {isa = PBXBuildFile; fileRef = OBJ_48 /* StringCase.swift */; };
		OBJ_143 /* Package.swift in Sources */ = {isa = PBXBuildFile; fileRef = OBJ_49 /* Package.swift */; };
		OBJ_60 /* Class.swift in Sources */ = {isa = PBXBuildFile; fileRef = OBJ_25 /* Class.swift */; };
		OBJ_61 /* Documentable.swift in Sources */ = {isa = PBXBuildFile; fileRef = OBJ_26 /* Documentable.swift */; };
		OBJ_62 /* Endpoint.swift in Sources */ = {isa = PBXBuildFile; fileRef = OBJ_27 /* Endpoint.swift */; };
		OBJ_63 /* Enum.swift in Sources */ = {isa = PBXBuildFile; fileRef = OBJ_28 /* Enum.swift */; };
		OBJ_64 /* External.swift in Sources */ = {isa = PBXBuildFile; fileRef = OBJ_29 /* External.swift */; };
		OBJ_65 /* Member.swift in Sources */ = {isa = PBXBuildFile; fileRef = OBJ_30 /* Member.swift */; };
		OBJ_66 /* Models.swift in Sources */ = {isa = PBXBuildFile; fileRef = OBJ_31 /* Models.swift */; };
		OBJ_67 /* Native.swift in Sources */ = {isa = PBXBuildFile; fileRef = OBJ_32 /* Native.swift */; };
		OBJ_68 /* NativeFactory.swift in Sources */ = {isa = PBXBuildFile; fileRef = OBJ_33 /* NativeFactory.swift */; };
		OBJ_69 /* Network.swift in Sources */ = {isa = PBXBuildFile; fileRef = OBJ_34 /* Network.swift */; };
		OBJ_70 /* Object.swift in Sources */ = {isa = PBXBuildFile; fileRef = OBJ_35 /* Object.swift */; };
		OBJ_71 /* Package.swift in Sources */ = {isa = PBXBuildFile; fileRef = OBJ_36 /* Package.swift */; };
		OBJ_72 /* Packageable.swift in Sources */ = {isa = PBXBuildFile; fileRef = OBJ_37 /* Packageable.swift */; };
		OBJ_73 /* Polymorph.swift in Sources */ = {isa = PBXBuildFile; fileRef = OBJ_38 /* Polymorph.swift */; };
		OBJ_74 /* PolymorphCoreError.swift in Sources */ = {isa = PBXBuildFile; fileRef = OBJ_39 /* PolymorphCoreError.swift */; };
		OBJ_75 /* Project.swift in Sources */ = {isa = PBXBuildFile; fileRef = OBJ_40 /* Project.swift */; };
		OBJ_76 /* Property.swift in Sources */ = {isa = PBXBuildFile; fileRef = OBJ_41 /* Property.swift */; };
		OBJ_77 /* Service.swift in Sources */ = {isa = PBXBuildFile; fileRef = OBJ_42 /* Service.swift */; };
		OBJ_78 /* Transformer.swift in Sources */ = {isa = PBXBuildFile; fileRef = OBJ_43 /* Transformer.swift */; };
		OBJ_79 /* TransformerFactory.swift in Sources */ = {isa = PBXBuildFile; fileRef = OBJ_44 /* TransformerFactory.swift */; };
		OBJ_81 /* StringCase.framework in Frameworks */ = {isa = PBXBuildFile; fileRef = "StringCase::StringCase::Product" /* StringCase.framework */; };
		OBJ_89 /* Package.swift in Sources */ = {isa = PBXBuildFile; fileRef = OBJ_45 /* Package.swift */; };
		OBJ_95 /* ClassFileBuilder.swift in Sources */ = {isa = PBXBuildFile; fileRef = OBJ_10 /* ClassFileBuilder.swift */; };
		OBJ_96 /* EnumFileBuilder.swift in Sources */ = {isa = PBXBuildFile; fileRef = OBJ_11 /* EnumFileBuilder.swift */; };
		OBJ_97 /* ServiceFileBuilder.swift in Sources */ = {isa = PBXBuildFile; fileRef = OBJ_12 /* ServiceFileBuilder.swift */; };
		OBJ_98 /* Dir.swift in Sources */ = {isa = PBXBuildFile; fileRef = OBJ_13 /* Dir.swift */; };
		OBJ_99 /* File.swift in Sources */ = {isa = PBXBuildFile; fileRef = OBJ_14 /* File.swift */; };
/* End PBXBuildFile section */

/* Begin PBXContainerItemProxy section */
		A336F7C821E2B320009D2313 /* PBXContainerItemProxy */ = {
			isa = PBXContainerItemProxy;
			containerPortal = OBJ_1 /* Project object */;
			proxyType = 1;
			remoteGlobalIDString = "PolymorphCore::PolymorphCore";
			remoteInfo = PolymorphCore;
		};
		A336F7C921E2B320009D2313 /* PBXContainerItemProxy */ = {
			isa = PBXContainerItemProxy;
			containerPortal = OBJ_1 /* Project object */;
			proxyType = 1;
			remoteGlobalIDString = "StringCase::StringCase";
			remoteInfo = StringCase;
		};
		A336F7CA21E2B320009D2313 /* PBXContainerItemProxy */ = {
			isa = PBXContainerItemProxy;
			containerPortal = OBJ_1 /* Project object */;
			proxyType = 1;
			remoteGlobalIDString = "StringCase::StringCase";
			remoteInfo = StringCase;
		};
		A336F7CB21E2B320009D2313 /* PBXContainerItemProxy */ = {
			isa = PBXContainerItemProxy;
			containerPortal = OBJ_1 /* Project object */;
			proxyType = 1;
			remoteGlobalIDString = "PolymorphGen::PolymorphGen";
			remoteInfo = PolymorphGen;
		};
		A336F7CC21E2B320009D2313 /* PBXContainerItemProxy */ = {
			isa = PBXContainerItemProxy;
			containerPortal = OBJ_1 /* Project object */;
			proxyType = 1;
			remoteGlobalIDString = "PolymorphCore::PolymorphCore";
			remoteInfo = PolymorphCore;
		};
		A336F7CD21E2B320009D2313 /* PBXContainerItemProxy */ = {
			isa = PBXContainerItemProxy;
			containerPortal = OBJ_1 /* Project object */;
			proxyType = 1;
			remoteGlobalIDString = "StringCase::StringCase";
			remoteInfo = StringCase;
		};
		A336F7CE21E2B324009D2313 /* PBXContainerItemProxy */ = {
			isa = PBXContainerItemProxy;
			containerPortal = OBJ_1 /* Project object */;
			proxyType = 1;
			remoteGlobalIDString = "PolymorphGen::PolymorphGenTests";
			remoteInfo = PolymorphGenTests;
		};
/* End PBXContainerItemProxy section */

/* Begin PBXFileReference section */
		OBJ_10 /* ClassFileBuilder.swift */ = {isa = PBXFileReference; lastKnownFileType = sourcecode.swift; path = ClassFileBuilder.swift; sourceTree = "<group>"; };
		OBJ_11 /* EnumFileBuilder.swift */ = {isa = PBXFileReference; lastKnownFileType = sourcecode.swift; path = EnumFileBuilder.swift; sourceTree = "<group>"; };
		OBJ_12 /* ServiceFileBuilder.swift */ = {isa = PBXFileReference; lastKnownFileType = sourcecode.swift; path = ServiceFileBuilder.swift; sourceTree = "<group>"; };
		OBJ_13 /* Dir.swift */ = {isa = PBXFileReference; lastKnownFileType = sourcecode.swift; path = Dir.swift; sourceTree = "<group>"; };
		OBJ_14 /* File.swift */ = {isa = PBXFileReference; lastKnownFileType = sourcecode.swift; path = File.swift; sourceTree = "<group>"; };
		OBJ_15 /* PlatformGen.swift */ = {isa = PBXFileReference; lastKnownFileType = sourcecode.swift; path = PlatformGen.swift; sourceTree = "<group>"; };
		OBJ_16 /* PolymorphGen.swift */ = {isa = PBXFileReference; lastKnownFileType = sourcecode.swift; path = PolymorphGen.swift; sourceTree = "<group>"; };
		OBJ_19 /* PolymorphGenTests.swift */ = {isa = PBXFileReference; lastKnownFileType = sourcecode.swift; path = PolymorphGenTests.swift; sourceTree = "<group>"; };
		OBJ_20 /* XCTestManifests.swift */ = {isa = PBXFileReference; lastKnownFileType = sourcecode.swift; path = XCTestManifests.swift; sourceTree = "<group>"; };
		OBJ_21 /* DerivedData */ = {isa = PBXFileReference; lastKnownFileType = folder; path = DerivedData; sourceTree = SOURCE_ROOT; };
		OBJ_25 /* Class.swift */ = {isa = PBXFileReference; lastKnownFileType = sourcecode.swift; path = Class.swift; sourceTree = "<group>"; };
		OBJ_26 /* Documentable.swift */ = {isa = PBXFileReference; lastKnownFileType = sourcecode.swift; path = Documentable.swift; sourceTree = "<group>"; };
		OBJ_27 /* Endpoint.swift */ = {isa = PBXFileReference; lastKnownFileType = sourcecode.swift; path = Endpoint.swift; sourceTree = "<group>"; };
		OBJ_28 /* Enum.swift */ = {isa = PBXFileReference; lastKnownFileType = sourcecode.swift; path = Enum.swift; sourceTree = "<group>"; };
		OBJ_29 /* External.swift */ = {isa = PBXFileReference; lastKnownFileType = sourcecode.swift; path = External.swift; sourceTree = "<group>"; };
		OBJ_30 /* Member.swift */ = {isa = PBXFileReference; lastKnownFileType = sourcecode.swift; path = Member.swift; sourceTree = "<group>"; };
		OBJ_31 /* Models.swift */ = {isa = PBXFileReference; lastKnownFileType = sourcecode.swift; path = Models.swift; sourceTree = "<group>"; };
		OBJ_32 /* Native.swift */ = {isa = PBXFileReference; lastKnownFileType = sourcecode.swift; path = Native.swift; sourceTree = "<group>"; };
		OBJ_33 /* NativeFactory.swift */ = {isa = PBXFileReference; lastKnownFileType = sourcecode.swift; path = NativeFactory.swift; sourceTree = "<group>"; };
		OBJ_34 /* Network.swift */ = {isa = PBXFileReference; lastKnownFileType = sourcecode.swift; path = Network.swift; sourceTree = "<group>"; };
		OBJ_35 /* Object.swift */ = {isa = PBXFileReference; lastKnownFileType = sourcecode.swift; path = Object.swift; sourceTree = "<group>"; };
		OBJ_36 /* Package.swift */ = {isa = PBXFileReference; lastKnownFileType = sourcecode.swift; path = Package.swift; sourceTree = "<group>"; };
		OBJ_37 /* Packageable.swift */ = {isa = PBXFileReference; lastKnownFileType = sourcecode.swift; path = Packageable.swift; sourceTree = "<group>"; };
		OBJ_38 /* Polymorph.swift */ = {isa = PBXFileReference; lastKnownFileType = sourcecode.swift; path = Polymorph.swift; sourceTree = "<group>"; };
		OBJ_39 /* PolymorphCoreError.swift */ = {isa = PBXFileReference; lastKnownFileType = sourcecode.swift; path = PolymorphCoreError.swift; sourceTree = "<group>"; };
		OBJ_40 /* Project.swift */ = {isa = PBXFileReference; lastKnownFileType = sourcecode.swift; path = Project.swift; sourceTree = "<group>"; };
		OBJ_41 /* Property.swift */ = {isa = PBXFileReference; lastKnownFileType = sourcecode.swift; path = Property.swift; sourceTree = "<group>"; };
		OBJ_42 /* Service.swift */ = {isa = PBXFileReference; lastKnownFileType = sourcecode.swift; path = Service.swift; sourceTree = "<group>"; };
		OBJ_43 /* Transformer.swift */ = {isa = PBXFileReference; lastKnownFileType = sourcecode.swift; path = Transformer.swift; sourceTree = "<group>"; };
		OBJ_44 /* TransformerFactory.swift */ = {isa = PBXFileReference; lastKnownFileType = sourcecode.swift; path = TransformerFactory.swift; sourceTree = "<group>"; };
		OBJ_45 /* Package.swift */ = {isa = PBXFileReference; explicitFileType = sourcecode.swift; name = Package.swift; path = "/Users/bbriatte/Development/MacOS/Libraries/PolymorphGen/.build/checkouts/polymorph-core.git--5394486797617889775/Package.swift"; sourceTree = "<group>"; };
		OBJ_48 /* StringCase.swift */ = {isa = PBXFileReference; lastKnownFileType = sourcecode.swift; path = StringCase.swift; sourceTree = "<group>"; };
		OBJ_49 /* Package.swift */ = {isa = PBXFileReference; explicitFileType = sourcecode.swift; name = Package.swift; path = "/Users/bbriatte/Development/MacOS/Libraries/PolymorphGen/.build/checkouts/string-case-swift.git--713467599205203212/Package.swift"; sourceTree = "<group>"; };
		OBJ_6 /* Package.swift */ = {isa = PBXFileReference; explicitFileType = sourcecode.swift; path = Package.swift; sourceTree = "<group>"; };
		"PolymorphCore::PolymorphCore::Product" /* PolymorphCore.framework */ = {isa = PBXFileReference; lastKnownFileType = wrapper.framework; path = PolymorphCore.framework; sourceTree = BUILT_PRODUCTS_DIR; };
		"PolymorphGen::PolymorphGen::Product" /* PolymorphGen.framework */ = {isa = PBXFileReference; lastKnownFileType = wrapper.framework; path = PolymorphGen.framework; sourceTree = BUILT_PRODUCTS_DIR; };
		"PolymorphGen::PolymorphGenTests::Product" /* PolymorphGenTests.xctest */ = {isa = PBXFileReference; explicitFileType = wrapper.cfbundle; path = PolymorphGenTests.xctest; sourceTree = BUILT_PRODUCTS_DIR; };
		"StringCase::StringCase::Product" /* StringCase.framework */ = {isa = PBXFileReference; lastKnownFileType = wrapper.framework; path = StringCase.framework; sourceTree = BUILT_PRODUCTS_DIR; };
/* End PBXFileReference section */

/* Begin PBXFrameworksBuildPhase section */
		OBJ_102 /* Frameworks */ = {
			isa = PBXFrameworksBuildPhase;
			buildActionMask = 0;
			files = (
				OBJ_103 /* PolymorphCore.framework in Frameworks */,
				OBJ_104 /* StringCase.framework in Frameworks */,
			);
			runOnlyForDeploymentPostprocessing = 0;
		};
		OBJ_125 /* Frameworks */ = {
			isa = PBXFrameworksBuildPhase;
			buildActionMask = 0;
			files = (
				OBJ_126 /* PolymorphGen.framework in Frameworks */,
				OBJ_127 /* PolymorphCore.framework in Frameworks */,
				OBJ_128 /* StringCase.framework in Frameworks */,
			);
			runOnlyForDeploymentPostprocessing = 0;
		};
		OBJ_137 /* Frameworks */ = {
			isa = PBXFrameworksBuildPhase;
			buildActionMask = 0;
			files = (
			);
			runOnlyForDeploymentPostprocessing = 0;
		};
		OBJ_80 /* Frameworks */ = {
			isa = PBXFrameworksBuildPhase;
			buildActionMask = 0;
			files = (
				OBJ_81 /* StringCase.framework in Frameworks */,
			);
			runOnlyForDeploymentPostprocessing = 0;
		};
/* End PBXFrameworksBuildPhase section */

/* Begin PBXGroup section */
		OBJ_17 /* Tests */ = {
			isa = PBXGroup;
			children = (
				OBJ_18 /* PolymorphGenTests */,
			);
			name = Tests;
			sourceTree = SOURCE_ROOT;
		};
		OBJ_18 /* PolymorphGenTests */ = {
			isa = PBXGroup;
			children = (
				OBJ_19 /* PolymorphGenTests.swift */,
				OBJ_20 /* XCTestManifests.swift */,
			);
			name = PolymorphGenTests;
			path = Tests/PolymorphGenTests;
			sourceTree = SOURCE_ROOT;
		};
		OBJ_22 /* Dependencies */ = {
			isa = PBXGroup;
			children = (
				OBJ_23 /* PolymorphCore 1.2.0 */,
				OBJ_46 /* StringCase 1.1.0 */,
			);
			name = Dependencies;
			sourceTree = "<group>";
		};
		OBJ_23 /* PolymorphCore 1.2.0 */ = {
			isa = PBXGroup;
			children = (
				OBJ_24 /* PolymorphCore */,
				OBJ_45 /* Package.swift */,
			);
			name = "PolymorphCore 1.2.0";
			sourceTree = SOURCE_ROOT;
		};
		OBJ_24 /* PolymorphCore */ = {
			isa = PBXGroup;
			children = (
				OBJ_25 /* Class.swift */,
				OBJ_26 /* Documentable.swift */,
				OBJ_27 /* Endpoint.swift */,
				OBJ_28 /* Enum.swift */,
				OBJ_29 /* External.swift */,
				OBJ_30 /* Member.swift */,
				OBJ_31 /* Models.swift */,
				OBJ_32 /* Native.swift */,
				OBJ_33 /* NativeFactory.swift */,
				OBJ_34 /* Network.swift */,
				OBJ_35 /* Object.swift */,
				OBJ_36 /* Package.swift */,
				OBJ_37 /* Packageable.swift */,
				OBJ_38 /* Polymorph.swift */,
				OBJ_39 /* PolymorphCoreError.swift */,
				OBJ_40 /* Project.swift */,
				OBJ_41 /* Property.swift */,
				OBJ_42 /* Service.swift */,
				OBJ_43 /* Transformer.swift */,
				OBJ_44 /* TransformerFactory.swift */,
			);
			name = PolymorphCore;
			path = ".build/checkouts/polymorph-core.git--5394486797617889775/Sources/PolymorphCore";
			sourceTree = SOURCE_ROOT;
		};
		OBJ_46 /* StringCase 1.1.0 */ = {
			isa = PBXGroup;
			children = (
				OBJ_47 /* StringCase */,
				OBJ_49 /* Package.swift */,
			);
			name = "StringCase 1.1.0";
			sourceTree = SOURCE_ROOT;
		};
		OBJ_47 /* StringCase */ = {
			isa = PBXGroup;
			children = (
				OBJ_48 /* StringCase.swift */,
			);
			name = StringCase;
			path = ".build/checkouts/string-case-swift.git--713467599205203212/Sources/StringCase";
			sourceTree = SOURCE_ROOT;
		};
		OBJ_5 = {
			isa = PBXGroup;
			children = (
				OBJ_6 /* Package.swift */,
				OBJ_7 /* Sources */,
				OBJ_17 /* Tests */,
				OBJ_21 /* DerivedData */,
				OBJ_22 /* Dependencies */,
				OBJ_50 /* Products */,
			);
			sourceTree = "<group>";
		};
		OBJ_50 /* Products */ = {
			isa = PBXGroup;
			children = (
				"PolymorphGen::PolymorphGen::Product" /* PolymorphGen.framework */,
				"PolymorphGen::PolymorphGenTests::Product" /* PolymorphGenTests.xctest */,
				"PolymorphCore::PolymorphCore::Product" /* PolymorphCore.framework */,
				"StringCase::StringCase::Product" /* StringCase.framework */,
			);
			name = Products;
			sourceTree = BUILT_PRODUCTS_DIR;
		};
		OBJ_7 /* Sources */ = {
			isa = PBXGroup;
			children = (
				OBJ_8 /* PolymorphGen */,
			);
			name = Sources;
			sourceTree = SOURCE_ROOT;
		};
		OBJ_8 /* PolymorphGen */ = {
			isa = PBXGroup;
			children = (
				OBJ_9 /* Builders */,
				OBJ_13 /* Dir.swift */,
				OBJ_14 /* File.swift */,
				OBJ_15 /* PlatformGen.swift */,
				OBJ_16 /* PolymorphGen.swift */,
			);
			name = PolymorphGen;
			path = Sources/PolymorphGen;
			sourceTree = SOURCE_ROOT;
		};
		OBJ_9 /* Builders */ = {
			isa = PBXGroup;
			children = (
				OBJ_10 /* ClassFileBuilder.swift */,
				OBJ_11 /* EnumFileBuilder.swift */,
				OBJ_12 /* ServiceFileBuilder.swift */,
			);
			path = Builders;
			sourceTree = "<group>";
		};
/* End PBXGroup section */

/* Begin PBXNativeTarget section */
		"PolymorphCore::PolymorphCore" /* PolymorphCore */ = {
			isa = PBXNativeTarget;
			buildConfigurationList = OBJ_56 /* Build configuration list for PBXNativeTarget "PolymorphCore" */;
			buildPhases = (
				OBJ_59 /* Sources */,
				OBJ_80 /* Frameworks */,
			);
			buildRules = (
			);
			dependencies = (
				OBJ_82 /* PBXTargetDependency */,
			);
			name = PolymorphCore;
			productName = PolymorphCore;
			productReference = "PolymorphCore::PolymorphCore::Product" /* PolymorphCore.framework */;
			productType = "com.apple.product-type.framework";
		};
		"PolymorphCore::SwiftPMPackageDescription" /* PolymorphCorePackageDescription */ = {
			isa = PBXNativeTarget;
			buildConfigurationList = OBJ_85 /* Build configuration list for PBXNativeTarget "PolymorphCorePackageDescription" */;
			buildPhases = (
				OBJ_88 /* Sources */,
			);
			buildRules = (
			);
			dependencies = (
			);
			name = PolymorphCorePackageDescription;
			productName = PolymorphCorePackageDescription;
			productType = "com.apple.product-type.framework";
		};
		"PolymorphGen::PolymorphGen" /* PolymorphGen */ = {
			isa = PBXNativeTarget;
			buildConfigurationList = OBJ_91 /* Build configuration list for PBXNativeTarget "PolymorphGen" */;
			buildPhases = (
				OBJ_94 /* Sources */,
				OBJ_102 /* Frameworks */,
				A336F7CF21E2B32A009D2313 /* Swiftlint */,
			);
			buildRules = (
			);
			dependencies = (
				OBJ_105 /* PBXTargetDependency */,
				OBJ_106 /* PBXTargetDependency */,
			);
			name = PolymorphGen;
			productName = PolymorphGen;
			productReference = "PolymorphGen::PolymorphGen::Product" /* PolymorphGen.framework */;
			productType = "com.apple.product-type.framework";
		};
		"PolymorphGen::PolymorphGenTests" /* PolymorphGenTests */ = {
			isa = PBXNativeTarget;
			buildConfigurationList = OBJ_119 /* Build configuration list for PBXNativeTarget "PolymorphGenTests" */;
			buildPhases = (
				OBJ_122 /* Sources */,
				OBJ_125 /* Frameworks */,
			);
			buildRules = (
			);
			dependencies = (
				OBJ_129 /* PBXTargetDependency */,
				OBJ_130 /* PBXTargetDependency */,
				OBJ_131 /* PBXTargetDependency */,
			);
			name = PolymorphGenTests;
			productName = PolymorphGenTests;
			productReference = "PolymorphGen::PolymorphGenTests::Product" /* PolymorphGenTests.xctest */;
			productType = "com.apple.product-type.bundle.unit-test";
		};
		"PolymorphGen::SwiftPMPackageDescription" /* PolymorphGenPackageDescription */ = {
			isa = PBXNativeTarget;
			buildConfigurationList = OBJ_108 /* Build configuration list for PBXNativeTarget "PolymorphGenPackageDescription" */;
			buildPhases = (
				OBJ_111 /* Sources */,
			);
			buildRules = (
			);
			dependencies = (
			);
			name = PolymorphGenPackageDescription;
			productName = PolymorphGenPackageDescription;
			productType = "com.apple.product-type.framework";
		};
		"StringCase::StringCase" /* StringCase */ = {
			isa = PBXNativeTarget;
			buildConfigurationList = OBJ_132 /* Build configuration list for PBXNativeTarget "StringCase" */;
			buildPhases = (
				OBJ_135 /* Sources */,
				OBJ_137 /* Frameworks */,
			);
			buildRules = (
			);
			dependencies = (
			);
			name = StringCase;
			productName = StringCase;
			productReference = "StringCase::StringCase::Product" /* StringCase.framework */;
			productType = "com.apple.product-type.framework";
		};
		"StringCase::SwiftPMPackageDescription" /* StringCasePackageDescription */ = {
			isa = PBXNativeTarget;
			buildConfigurationList = OBJ_139 /* Build configuration list for PBXNativeTarget "StringCasePackageDescription" */;
			buildPhases = (
				OBJ_142 /* Sources */,
			);
			buildRules = (
			);
			dependencies = (
			);
			name = StringCasePackageDescription;
			productName = StringCasePackageDescription;
			productType = "com.apple.product-type.framework";
		};
/* End PBXNativeTarget section */

/* Begin PBXProject section */
		OBJ_1 /* Project object */ = {
			isa = PBXProject;
			attributes = {
				LastUpgradeCheck = 1010;
			};
			buildConfigurationList = OBJ_2 /* Build configuration list for PBXProject "PolymorphGen" */;
			compatibilityVersion = "Xcode 3.2";
			developmentRegion = English;
			hasScannedForEncodings = 0;
			knownRegions = (
				en,
			);
			mainGroup = OBJ_5;
			productRefGroup = OBJ_50 /* Products */;
			projectDirPath = "";
			projectRoot = "";
			targets = (
				"PolymorphCore::PolymorphCore" /* PolymorphCore */,
				"PolymorphCore::SwiftPMPackageDescription" /* PolymorphCorePackageDescription */,
				"PolymorphGen::PolymorphGen" /* PolymorphGen */,
				"PolymorphGen::SwiftPMPackageDescription" /* PolymorphGenPackageDescription */,
				"PolymorphGen::PolymorphGenPackageTests::ProductTarget" /* PolymorphGenPackageTests */,
				"PolymorphGen::PolymorphGenTests" /* PolymorphGenTests */,
				"StringCase::StringCase" /* StringCase */,
				"StringCase::SwiftPMPackageDescription" /* StringCasePackageDescription */,
			);
		};
/* End PBXProject section */

/* Begin PBXShellScriptBuildPhase section */
		A336F7CF21E2B32A009D2313 /* Swiftlint */ = {
			isa = PBXShellScriptBuildPhase;
			buildActionMask = 2147483647;
			files = (
			);
			inputFileListPaths = (
			);
			inputPaths = (
			);
			name = Swiftlint;
			outputFileListPaths = (
			);
			outputPaths = (
			);
			runOnlyForDeploymentPostprocessing = 0;
			shellPath = /bin/sh;
			shellScript = "if which swiftlint >/dev/null; then\nswiftlint\nelse\necho \"warning: SwiftLint not installed, download from https://github.com/realm/SwiftLint\"\nfi\n";
		};
/* End PBXShellScriptBuildPhase section */

/* Begin PBXSourcesBuildPhase section */
		OBJ_111 /* Sources */ = {
			isa = PBXSourcesBuildPhase;
			buildActionMask = 0;
			files = (
				OBJ_112 /* Package.swift in Sources */,
			);
			runOnlyForDeploymentPostprocessing = 0;
		};
		OBJ_122 /* Sources */ = {
			isa = PBXSourcesBuildPhase;
			buildActionMask = 0;
			files = (
				OBJ_123 /* PolymorphGenTests.swift in Sources */,
				OBJ_124 /* XCTestManifests.swift in Sources */,
			);
			runOnlyForDeploymentPostprocessing = 0;
		};
		OBJ_135 /* Sources */ = {
			isa = PBXSourcesBuildPhase;
			buildActionMask = 0;
			files = (
				OBJ_136 /* StringCase.swift in Sources */,
			);
			runOnlyForDeploymentPostprocessing = 0;
		};
		OBJ_142 /* Sources */ = {
			isa = PBXSourcesBuildPhase;
			buildActionMask = 0;
			files = (
				OBJ_143 /* Package.swift in Sources */,
			);
			runOnlyForDeploymentPostprocessing = 0;
		};
		OBJ_59 /* Sources */ = {
			isa = PBXSourcesBuildPhase;
			buildActionMask = 0;
			files = (
				OBJ_60 /* Class.swift in Sources */,
				OBJ_61 /* Documentable.swift in Sources */,
				OBJ_62 /* Endpoint.swift in Sources */,
				OBJ_63 /* Enum.swift in Sources */,
				OBJ_64 /* External.swift in Sources */,
				OBJ_65 /* Member.swift in Sources */,
				OBJ_66 /* Models.swift in Sources */,
				OBJ_67 /* Native.swift in Sources */,
				OBJ_68 /* NativeFactory.swift in Sources */,
				OBJ_69 /* Network.swift in Sources */,
				OBJ_70 /* Object.swift in Sources */,
				OBJ_71 /* Package.swift in Sources */,
				OBJ_72 /* Packageable.swift in Sources */,
				OBJ_73 /* Polymorph.swift in Sources */,
				OBJ_74 /* PolymorphCoreError.swift in Sources */,
				OBJ_75 /* Project.swift in Sources */,
				OBJ_76 /* Property.swift in Sources */,
				OBJ_77 /* Service.swift in Sources */,
				OBJ_78 /* Transformer.swift in Sources */,
				OBJ_79 /* TransformerFactory.swift in Sources */,
			);
			runOnlyForDeploymentPostprocessing = 0;
		};
		OBJ_88 /* Sources */ = {
			isa = PBXSourcesBuildPhase;
			buildActionMask = 0;
			files = (
				OBJ_89 /* Package.swift in Sources */,
			);
			runOnlyForDeploymentPostprocessing = 0;
		};
		OBJ_94 /* Sources */ = {
			isa = PBXSourcesBuildPhase;
			buildActionMask = 0;
			files = (
				OBJ_95 /* ClassFileBuilder.swift in Sources */,
				OBJ_96 /* EnumFileBuilder.swift in Sources */,
				OBJ_97 /* ServiceFileBuilder.swift in Sources */,
				OBJ_98 /* Dir.swift in Sources */,
				OBJ_99 /* File.swift in Sources */,
				OBJ_100 /* PlatformGen.swift in Sources */,
				OBJ_101 /* PolymorphGen.swift in Sources */,
			);
			runOnlyForDeploymentPostprocessing = 0;
		};
/* End PBXSourcesBuildPhase section */

/* Begin PBXTargetDependency section */
		OBJ_105 /* PBXTargetDependency */ = {
			isa = PBXTargetDependency;
			target = "PolymorphCore::PolymorphCore" /* PolymorphCore */;
			targetProxy = A336F7C821E2B320009D2313 /* PBXContainerItemProxy */;
		};
		OBJ_106 /* PBXTargetDependency */ = {
			isa = PBXTargetDependency;
			target = "StringCase::StringCase" /* StringCase */;
			targetProxy = A336F7CA21E2B320009D2313 /* PBXContainerItemProxy */;
		};
		OBJ_117 /* PBXTargetDependency */ = {
			isa = PBXTargetDependency;
			target = "PolymorphGen::PolymorphGenTests" /* PolymorphGenTests */;
			targetProxy = A336F7CE21E2B324009D2313 /* PBXContainerItemProxy */;
		};
		OBJ_129 /* PBXTargetDependency */ = {
			isa = PBXTargetDependency;
			target = "PolymorphGen::PolymorphGen" /* PolymorphGen */;
			targetProxy = A336F7CB21E2B320009D2313 /* PBXContainerItemProxy */;
		};
		OBJ_130 /* PBXTargetDependency */ = {
			isa = PBXTargetDependency;
			target = "PolymorphCore::PolymorphCore" /* PolymorphCore */;
			targetProxy = A336F7CC21E2B320009D2313 /* PBXContainerItemProxy */;
		};
		OBJ_131 /* PBXTargetDependency */ = {
			isa = PBXTargetDependency;
			target = "StringCase::StringCase" /* StringCase */;
			targetProxy = A336F7CD21E2B320009D2313 /* PBXContainerItemProxy */;
		};
		OBJ_82 /* PBXTargetDependency */ = {
			isa = PBXTargetDependency;
			target = "StringCase::StringCase" /* StringCase */;
			targetProxy = A336F7C921E2B320009D2313 /* PBXContainerItemProxy */;
		};
/* End PBXTargetDependency section */

/* Begin XCBuildConfiguration section */
		OBJ_109 /* Debug */ = {
			isa = XCBuildConfiguration;
			buildSettings = {
				LD = /usr/bin/true;
				OTHER_SWIFT_FLAGS = "-swift-version 4.2 -I $(TOOLCHAIN_DIR)/usr/lib/swift/pm/4_2 -target x86_64-apple-macosx10.10 -sdk /Applications/Xcode.app/Contents/Developer/Platforms/MacOSX.platform/Developer/SDKs/MacOSX10.14.sdk";
				SWIFT_VERSION = 4.2;
			};
			name = Debug;
		};
		OBJ_110 /* Release */ = {
			isa = XCBuildConfiguration;
			buildSettings = {
				LD = /usr/bin/true;
				OTHER_SWIFT_FLAGS = "-swift-version 4.2 -I $(TOOLCHAIN_DIR)/usr/lib/swift/pm/4_2 -target x86_64-apple-macosx10.10 -sdk /Applications/Xcode.app/Contents/Developer/Platforms/MacOSX.platform/Developer/SDKs/MacOSX10.14.sdk";
				SWIFT_VERSION = 4.2;
			};
			name = Release;
		};
		OBJ_115 /* Debug */ = {
			isa = XCBuildConfiguration;
			buildSettings = {
			};
			name = Debug;
		};
		OBJ_116 /* Release */ = {
			isa = XCBuildConfiguration;
			buildSettings = {
			};
			name = Release;
		};
		OBJ_120 /* Debug */ = {
			isa = XCBuildConfiguration;
			buildSettings = {
				ALWAYS_EMBED_SWIFT_STANDARD_LIBRARIES = YES;
				CLANG_ENABLE_MODULES = YES;
				FRAMEWORK_SEARCH_PATHS = (
					"$(inherited)",
					"$(PLATFORM_DIR)/Developer/Library/Frameworks",
				);
				HEADER_SEARCH_PATHS = "$(inherited)";
				INFOPLIST_FILE = PolymorphGen.xcodeproj/PolymorphGenTests_Info.plist;
				LD_RUNPATH_SEARCH_PATHS = "$(inherited) @loader_path/../Frameworks @loader_path/Frameworks";
				OTHER_CFLAGS = "$(inherited)";
				OTHER_LDFLAGS = "$(inherited)";
				OTHER_SWIFT_FLAGS = "$(inherited)";
				SWIFT_ACTIVE_COMPILATION_CONDITIONS = "$(inherited)";
				SWIFT_VERSION = 4.2;
				TARGET_NAME = PolymorphGenTests;
			};
			name = Debug;
		};
		OBJ_121 /* Release */ = {
			isa = XCBuildConfiguration;
			buildSettings = {
				ALWAYS_EMBED_SWIFT_STANDARD_LIBRARIES = YES;
				CLANG_ENABLE_MODULES = YES;
				FRAMEWORK_SEARCH_PATHS = (
					"$(inherited)",
					"$(PLATFORM_DIR)/Developer/Library/Frameworks",
				);
				HEADER_SEARCH_PATHS = "$(inherited)";
				INFOPLIST_FILE = PolymorphGen.xcodeproj/PolymorphGenTests_Info.plist;
				LD_RUNPATH_SEARCH_PATHS = "$(inherited) @loader_path/../Frameworks @loader_path/Frameworks";
				OTHER_CFLAGS = "$(inherited)";
				OTHER_LDFLAGS = "$(inherited)";
				OTHER_SWIFT_FLAGS = "$(inherited)";
				SWIFT_ACTIVE_COMPILATION_CONDITIONS = "$(inherited)";
				SWIFT_VERSION = 4.2;
				TARGET_NAME = PolymorphGenTests;
			};
			name = Release;
		};
		OBJ_133 /* Debug */ = {
			isa = XCBuildConfiguration;
			buildSettings = {
				ENABLE_TESTABILITY = YES;
				FRAMEWORK_SEARCH_PATHS = (
					"$(inherited)",
					"$(PLATFORM_DIR)/Developer/Library/Frameworks",
				);
				HEADER_SEARCH_PATHS = "$(inherited)";
				INFOPLIST_FILE = PolymorphGen.xcodeproj/StringCase_Info.plist;
				LD_RUNPATH_SEARCH_PATHS = "$(inherited) $(TOOLCHAIN_DIR)/usr/lib/swift/macosx";
				OTHER_CFLAGS = "$(inherited)";
				OTHER_LDFLAGS = "$(inherited)";
				OTHER_SWIFT_FLAGS = "$(inherited)";
				PRODUCT_BUNDLE_IDENTIFIER = StringCase;
				PRODUCT_MODULE_NAME = "$(TARGET_NAME:c99extidentifier)";
				PRODUCT_NAME = "$(TARGET_NAME:c99extidentifier)";
				SKIP_INSTALL = YES;
				SWIFT_ACTIVE_COMPILATION_CONDITIONS = "$(inherited)";
				SWIFT_VERSION = 4.2;
				TARGET_NAME = StringCase;
			};
			name = Debug;
		};
		OBJ_134 /* Release */ = {
			isa = XCBuildConfiguration;
			buildSettings = {
				ENABLE_TESTABILITY = YES;
				FRAMEWORK_SEARCH_PATHS = (
					"$(inherited)",
					"$(PLATFORM_DIR)/Developer/Library/Frameworks",
				);
				HEADER_SEARCH_PATHS = "$(inherited)";
				INFOPLIST_FILE = PolymorphGen.xcodeproj/StringCase_Info.plist;
				LD_RUNPATH_SEARCH_PATHS = "$(inherited) $(TOOLCHAIN_DIR)/usr/lib/swift/macosx";
				OTHER_CFLAGS = "$(inherited)";
				OTHER_LDFLAGS = "$(inherited)";
				OTHER_SWIFT_FLAGS = "$(inherited)";
				PRODUCT_BUNDLE_IDENTIFIER = StringCase;
				PRODUCT_MODULE_NAME = "$(TARGET_NAME:c99extidentifier)";
				PRODUCT_NAME = "$(TARGET_NAME:c99extidentifier)";
				SKIP_INSTALL = YES;
				SWIFT_ACTIVE_COMPILATION_CONDITIONS = "$(inherited)";
				SWIFT_VERSION = 4.2;
				TARGET_NAME = StringCase;
			};
			name = Release;
		};
		OBJ_140 /* Debug */ = {
			isa = XCBuildConfiguration;
			buildSettings = {
				LD = /usr/bin/true;
				OTHER_SWIFT_FLAGS = "-swift-version 4.2 -I $(TOOLCHAIN_DIR)/usr/lib/swift/pm/4_2 -target x86_64-apple-macosx10.10 -sdk /Applications/Xcode.app/Contents/Developer/Platforms/MacOSX.platform/Developer/SDKs/MacOSX10.14.sdk";
				SWIFT_VERSION = 4.2;
			};
			name = Debug;
		};
		OBJ_141 /* Release */ = {
			isa = XCBuildConfiguration;
			buildSettings = {
				LD = /usr/bin/true;
				OTHER_SWIFT_FLAGS = "-swift-version 4.2 -I $(TOOLCHAIN_DIR)/usr/lib/swift/pm/4_2 -target x86_64-apple-macosx10.10 -sdk /Applications/Xcode.app/Contents/Developer/Platforms/MacOSX.platform/Developer/SDKs/MacOSX10.14.sdk";
				SWIFT_VERSION = 4.2;
			};
			name = Release;
		};
		OBJ_3 /* Debug */ = {
			isa = XCBuildConfiguration;
			buildSettings = {
				CLANG_ENABLE_OBJC_ARC = YES;
				CLANG_WARN_BLOCK_CAPTURE_AUTORELEASING = YES;
				CLANG_WARN_BOOL_CONVERSION = YES;
				CLANG_WARN_COMMA = YES;
				CLANG_WARN_CONSTANT_CONVERSION = YES;
				CLANG_WARN_DEPRECATED_OBJC_IMPLEMENTATIONS = YES;
				CLANG_WARN_EMPTY_BODY = YES;
				CLANG_WARN_ENUM_CONVERSION = YES;
				CLANG_WARN_INFINITE_RECURSION = YES;
				CLANG_WARN_INT_CONVERSION = YES;
				CLANG_WARN_NON_LITERAL_NULL_CONVERSION = YES;
				CLANG_WARN_OBJC_IMPLICIT_RETAIN_SELF = YES;
				CLANG_WARN_OBJC_LITERAL_CONVERSION = YES;
				CLANG_WARN_RANGE_LOOP_ANALYSIS = YES;
				CLANG_WARN_STRICT_PROTOTYPES = YES;
				CLANG_WARN_SUSPICIOUS_MOVE = YES;
				CLANG_WARN_UNREACHABLE_CODE = YES;
				CLANG_WARN__DUPLICATE_METHOD_MATCH = YES;
				COMBINE_HIDPI_IMAGES = YES;
				COPY_PHASE_STRIP = NO;
				DEBUG_INFORMATION_FORMAT = dwarf;
				DYLIB_INSTALL_NAME_BASE = "@rpath";
				ENABLE_NS_ASSERTIONS = YES;
				ENABLE_STRICT_OBJC_MSGSEND = YES;
				ENABLE_TESTABILITY = YES;
				GCC_NO_COMMON_BLOCKS = YES;
				GCC_OPTIMIZATION_LEVEL = 0;
				GCC_PREPROCESSOR_DEFINITIONS = (
					"DEBUG=1",
					"$(inherited)",
				);
				GCC_WARN_64_TO_32_BIT_CONVERSION = YES;
				GCC_WARN_ABOUT_RETURN_TYPE = YES;
				GCC_WARN_UNDECLARED_SELECTOR = YES;
				GCC_WARN_UNINITIALIZED_AUTOS = YES;
				GCC_WARN_UNUSED_FUNCTION = YES;
				GCC_WARN_UNUSED_VARIABLE = YES;
				MACOSX_DEPLOYMENT_TARGET = 10.10;
				ONLY_ACTIVE_ARCH = YES;
				OTHER_SWIFT_FLAGS = "-DXcode";
				PRODUCT_NAME = "$(TARGET_NAME)";
				SDKROOT = macosx;
				SUPPORTED_PLATFORMS = "macosx iphoneos iphonesimulator appletvos appletvsimulator watchos watchsimulator";
				SWIFT_ACTIVE_COMPILATION_CONDITIONS = "SWIFT_PACKAGE DEBUG";
				SWIFT_OPTIMIZATION_LEVEL = "-Onone";
				USE_HEADERMAP = NO;
			};
			name = Debug;
		};
		OBJ_4 /* Release */ = {
			isa = XCBuildConfiguration;
			buildSettings = {
				CLANG_ENABLE_OBJC_ARC = YES;
				CLANG_WARN_BLOCK_CAPTURE_AUTORELEASING = YES;
				CLANG_WARN_BOOL_CONVERSION = YES;
				CLANG_WARN_COMMA = YES;
				CLANG_WARN_CONSTANT_CONVERSION = YES;
				CLANG_WARN_DEPRECATED_OBJC_IMPLEMENTATIONS = YES;
				CLANG_WARN_EMPTY_BODY = YES;
				CLANG_WARN_ENUM_CONVERSION = YES;
				CLANG_WARN_INFINITE_RECURSION = YES;
				CLANG_WARN_INT_CONVERSION = YES;
				CLANG_WARN_NON_LITERAL_NULL_CONVERSION = YES;
				CLANG_WARN_OBJC_IMPLICIT_RETAIN_SELF = YES;
				CLANG_WARN_OBJC_LITERAL_CONVERSION = YES;
				CLANG_WARN_RANGE_LOOP_ANALYSIS = YES;
				CLANG_WARN_STRICT_PROTOTYPES = YES;
				CLANG_WARN_SUSPICIOUS_MOVE = YES;
				CLANG_WARN_UNREACHABLE_CODE = YES;
				CLANG_WARN__DUPLICATE_METHOD_MATCH = YES;
				COMBINE_HIDPI_IMAGES = YES;
				COPY_PHASE_STRIP = YES;
				DEBUG_INFORMATION_FORMAT = "dwarf-with-dsym";
				DYLIB_INSTALL_NAME_BASE = "@rpath";
				ENABLE_STRICT_OBJC_MSGSEND = YES;
				GCC_NO_COMMON_BLOCKS = YES;
				GCC_OPTIMIZATION_LEVEL = s;
				GCC_WARN_64_TO_32_BIT_CONVERSION = YES;
				GCC_WARN_ABOUT_RETURN_TYPE = YES;
				GCC_WARN_UNDECLARED_SELECTOR = YES;
				GCC_WARN_UNINITIALIZED_AUTOS = YES;
				GCC_WARN_UNUSED_FUNCTION = YES;
				GCC_WARN_UNUSED_VARIABLE = YES;
				MACOSX_DEPLOYMENT_TARGET = 10.10;
				OTHER_SWIFT_FLAGS = "-DXcode";
				PRODUCT_NAME = "$(TARGET_NAME)";
				SDKROOT = macosx;
				SUPPORTED_PLATFORMS = "macosx iphoneos iphonesimulator appletvos appletvsimulator watchos watchsimulator";
				SWIFT_ACTIVE_COMPILATION_CONDITIONS = SWIFT_PACKAGE;
				SWIFT_OPTIMIZATION_LEVEL = "-Owholemodule";
				USE_HEADERMAP = NO;
			};
			name = Release;
		};
		OBJ_57 /* Debug */ = {
			isa = XCBuildConfiguration;
			buildSettings = {
				ENABLE_TESTABILITY = YES;
				FRAMEWORK_SEARCH_PATHS = (
					"$(inherited)",
					"$(PLATFORM_DIR)/Developer/Library/Frameworks",
				);
				HEADER_SEARCH_PATHS = "$(inherited)";
				INFOPLIST_FILE = PolymorphGen.xcodeproj/PolymorphCore_Info.plist;
				LD_RUNPATH_SEARCH_PATHS = "$(inherited) $(TOOLCHAIN_DIR)/usr/lib/swift/macosx";
				OTHER_CFLAGS = "$(inherited)";
				OTHER_LDFLAGS = "$(inherited)";
				OTHER_SWIFT_FLAGS = "$(inherited)";
				PRODUCT_BUNDLE_IDENTIFIER = PolymorphCore;
				PRODUCT_MODULE_NAME = "$(TARGET_NAME:c99extidentifier)";
				PRODUCT_NAME = "$(TARGET_NAME:c99extidentifier)";
				SKIP_INSTALL = YES;
				SWIFT_ACTIVE_COMPILATION_CONDITIONS = "$(inherited)";
				SWIFT_VERSION = 4.2;
				TARGET_NAME = PolymorphCore;
			};
			name = Debug;
		};
		OBJ_58 /* Release */ = {
			isa = XCBuildConfiguration;
			buildSettings = {
				ENABLE_TESTABILITY = YES;
				FRAMEWORK_SEARCH_PATHS = (
					"$(inherited)",
					"$(PLATFORM_DIR)/Developer/Library/Frameworks",
				);
				HEADER_SEARCH_PATHS = "$(inherited)";
				INFOPLIST_FILE = PolymorphGen.xcodeproj/PolymorphCore_Info.plist;
				LD_RUNPATH_SEARCH_PATHS = "$(inherited) $(TOOLCHAIN_DIR)/usr/lib/swift/macosx";
				OTHER_CFLAGS = "$(inherited)";
				OTHER_LDFLAGS = "$(inherited)";
				OTHER_SWIFT_FLAGS = "$(inherited)";
				PRODUCT_BUNDLE_IDENTIFIER = PolymorphCore;
				PRODUCT_MODULE_NAME = "$(TARGET_NAME:c99extidentifier)";
				PRODUCT_NAME = "$(TARGET_NAME:c99extidentifier)";
				SKIP_INSTALL = YES;
				SWIFT_ACTIVE_COMPILATION_CONDITIONS = "$(inherited)";
				SWIFT_VERSION = 4.2;
				TARGET_NAME = PolymorphCore;
			};
			name = Release;
		};
		OBJ_86 /* Debug */ = {
			isa = XCBuildConfiguration;
			buildSettings = {
				LD = /usr/bin/true;
				OTHER_SWIFT_FLAGS = "-swift-version 4.2 -I $(TOOLCHAIN_DIR)/usr/lib/swift/pm/4_2 -target x86_64-apple-macosx10.10 -sdk /Applications/Xcode.app/Contents/Developer/Platforms/MacOSX.platform/Developer/SDKs/MacOSX10.14.sdk";
				SWIFT_VERSION = 4.2;
			};
			name = Debug;
		};
		OBJ_87 /* Release */ = {
			isa = XCBuildConfiguration;
			buildSettings = {
				LD = /usr/bin/true;
				OTHER_SWIFT_FLAGS = "-swift-version 4.2 -I $(TOOLCHAIN_DIR)/usr/lib/swift/pm/4_2 -target x86_64-apple-macosx10.10 -sdk /Applications/Xcode.app/Contents/Developer/Platforms/MacOSX.platform/Developer/SDKs/MacOSX10.14.sdk";
				SWIFT_VERSION = 4.2;
			};
			name = Release;
		};
		OBJ_92 /* Debug */ = {
			isa = XCBuildConfiguration;
			buildSettings = {
				ENABLE_TESTABILITY = YES;
				FRAMEWORK_SEARCH_PATHS = (
					"$(inherited)",
					"$(PLATFORM_DIR)/Developer/Library/Frameworks",
				);
				HEADER_SEARCH_PATHS = "$(inherited)";
				INFOPLIST_FILE = PolymorphGen.xcodeproj/PolymorphGen_Info.plist;
				LD_RUNPATH_SEARCH_PATHS = "$(inherited) $(TOOLCHAIN_DIR)/usr/lib/swift/macosx";
				OTHER_CFLAGS = "$(inherited)";
				OTHER_LDFLAGS = "$(inherited)";
				OTHER_SWIFT_FLAGS = "$(inherited)";
				PRODUCT_BUNDLE_IDENTIFIER = PolymorphGen;
				PRODUCT_MODULE_NAME = "$(TARGET_NAME:c99extidentifier)";
				PRODUCT_NAME = "$(TARGET_NAME:c99extidentifier)";
				SKIP_INSTALL = YES;
				SWIFT_ACTIVE_COMPILATION_CONDITIONS = "$(inherited)";
				SWIFT_VERSION = 4.2;
				TARGET_NAME = PolymorphGen;
			};
			name = Debug;
		};
		OBJ_93 /* Release */ = {
			isa = XCBuildConfiguration;
			buildSettings = {
				ENABLE_TESTABILITY = YES;
				FRAMEWORK_SEARCH_PATHS = (
					"$(inherited)",
					"$(PLATFORM_DIR)/Developer/Library/Frameworks",
				);
				HEADER_SEARCH_PATHS = "$(inherited)";
				INFOPLIST_FILE = PolymorphGen.xcodeproj/PolymorphGen_Info.plist;
				LD_RUNPATH_SEARCH_PATHS = "$(inherited) $(TOOLCHAIN_DIR)/usr/lib/swift/macosx";
				OTHER_CFLAGS = "$(inherited)";
				OTHER_LDFLAGS = "$(inherited)";
				OTHER_SWIFT_FLAGS = "$(inherited)";
				PRODUCT_BUNDLE_IDENTIFIER = PolymorphGen;
				PRODUCT_MODULE_NAME = "$(TARGET_NAME:c99extidentifier)";
				PRODUCT_NAME = "$(TARGET_NAME:c99extidentifier)";
				SKIP_INSTALL = YES;
				SWIFT_ACTIVE_COMPILATION_CONDITIONS = "$(inherited)";
				SWIFT_VERSION = 4.2;
				TARGET_NAME = PolymorphGen;
			};
			name = Release;
		};
/* End XCBuildConfiguration section */

/* Begin XCConfigurationList section */
		OBJ_108 /* Build configuration list for PBXNativeTarget "PolymorphGenPackageDescription" */ = {
			isa = XCConfigurationList;
			buildConfigurations = (
				OBJ_109 /* Debug */,
				OBJ_110 /* Release */,
			);
			defaultConfigurationIsVisible = 0;
			defaultConfigurationName = Release;
		};
		OBJ_114 /* Build configuration list for PBXAggregateTarget "PolymorphGenPackageTests" */ = {
			isa = XCConfigurationList;
			buildConfigurations = (
				OBJ_115 /* Debug */,
				OBJ_116 /* Release */,
			);
			defaultConfigurationIsVisible = 0;
			defaultConfigurationName = Release;
		};
		OBJ_119 /* Build configuration list for PBXNativeTarget "PolymorphGenTests" */ = {
			isa = XCConfigurationList;
			buildConfigurations = (
				OBJ_120 /* Debug */,
				OBJ_121 /* Release */,
			);
			defaultConfigurationIsVisible = 0;
			defaultConfigurationName = Release;
		};
		OBJ_132 /* Build configuration list for PBXNativeTarget "StringCase" */ = {
			isa = XCConfigurationList;
			buildConfigurations = (
				OBJ_133 /* Debug */,
				OBJ_134 /* Release */,
			);
			defaultConfigurationIsVisible = 0;
			defaultConfigurationName = Release;
		};
		OBJ_139 /* Build configuration list for PBXNativeTarget "StringCasePackageDescription" */ = {
			isa = XCConfigurationList;
			buildConfigurations = (
				OBJ_140 /* Debug */,
				OBJ_141 /* Release */,
			);
			defaultConfigurationIsVisible = 0;
			defaultConfigurationName = Release;
		};
		OBJ_2 /* Build configuration list for PBXProject "PolymorphGen" */ = {
			isa = XCConfigurationList;
			buildConfigurations = (
				OBJ_3 /* Debug */,
				OBJ_4 /* Release */,
			);
			defaultConfigurationIsVisible = 0;
			defaultConfigurationName = Release;
		};
		OBJ_56 /* Build configuration list for PBXNativeTarget "PolymorphCore" */ = {
			isa = XCConfigurationList;
			buildConfigurations = (
				OBJ_57 /* Debug */,
				OBJ_58 /* Release */,
			);
			defaultConfigurationIsVisible = 0;
			defaultConfigurationName = Release;
		};
		OBJ_85 /* Build configuration list for PBXNativeTarget "PolymorphCorePackageDescription" */ = {
			isa = XCConfigurationList;
			buildConfigurations = (
				OBJ_86 /* Debug */,
				OBJ_87 /* Release */,
			);
			defaultConfigurationIsVisible = 0;
			defaultConfigurationName = Release;
		};
		OBJ_91 /* Build configuration list for PBXNativeTarget "PolymorphGen" */ = {
			isa = XCConfigurationList;
			buildConfigurations = (
				OBJ_92 /* Debug */,
				OBJ_93 /* Release */,
			);
			defaultConfigurationIsVisible = 0;
			defaultConfigurationName = Release;
		};
/* End XCConfigurationList section */
	};
	rootObject = OBJ_1 /* Project object */;
}
